github.com/benbjohnson/clock v1.1.0 h1:Q92kusRqC1XV2MjkWETPvjJVqKetz1OzxZB7mHJLju8=
github.com/davecgh/go-spew v1.1.1 h1:vj9j/u1bqnvCEfJOwUhtlOARqs3+rkHYY13jYWTU97c=
github.com/peske/lsp-srv v0.0.0-20221225110427-eec0939e3bba h1:oHHoGrFkNH4zitS9d0iN58bj5sYiDKD/zWE+xRjw+d4=
github.com/peske/lsp-srv v0.0.0-20221225110427-eec0939e3bba/go.mod h1:13LcnwoOkUeqDjKBIQ0mZz2kgD1XbSrM73tFaD4mECk=
github.com/peske/lsp-srv-ex v0.0.0-20221226082110-02af022489a8 h1:OWXpmiYQdRfrVo3YY6ZhHEz63uFYTdeXYeDksdr2wCA=
github.com/peske/lsp-srv-ex v0.0.0-20221226082110-02af022489a8/go.mod h1:GtkZa+Ix5piCuQY3dns+Ol3foGM9TdBGwL7jJSfjmic=
github.com/peske/x-tools-internal v0.0.0-20221224074235-165c0e8343d6 h1:NFYI3s+xjBmTVAKq3lFOmKMiehrdaI5o8O0D8Eu/004=
github.com/peske/x-tools-internal v0.0.0-20221224074235-165c0e8343d6/go.mod h1:BeOPgTX9m/c9hZkRpyYTeX/0PDy3L51A0VTXRSWjvMQ=
github.com/pkg/errors v0.8.1 h1:iURUrRGxPUNPdy5/HRSm+Yj6okJ6UtLINN0Q9M4+h3I=
github.com/pmezard/go-difflib v1.0.0 h1:4DBwDE0NGyQoBHbLQYPwSUPoCMWR5BEzIk/f1lZbAQM=
github.com/stretchr/testify v1.8.0 h1:pSgiaMZlXftHpm5L7V1+rVB+AZJydKsMxsQBIJw4PKk=
go.uber.org/atomic v1.10.0 h1:9qC72Qh0+3MqyJbAn8YU5xVq1frD8bn3JtD2oXtafVQ=
go.uber.org/atomic v1.10.0/go.mod h1:LUxbIzbOniOlMKjJjyPfpl4v+PKK2cNJn91OQbhoJI0=
go.uber.org/goleak v1.1.11 h1:wy28qYRKZgnJTxGxvye5/wgWr1EKjmUDGYox5mGlRlI=
go.uber.org/multierr v1.9.0 h1:7fIwc/ZtS0q++VgcfqFDxSBZVv/Xo49/SYnDFupUwlI=
go.uber.org/multierr v1.9.0/go.mod h1:X2jQV1h+kxSjClGpnseKVIxpmcjrj7MNnI0bnlfKTVQ=
go.uber.org/zap v1.24.0 h1:FiJd5l1UOLj0wCgbSE0rwwXHzEdAZS6hiiSnxJN/D60=
go.uber.org/zap v1.24.0/go.mod h1:2kMP+WWQ8aoFoedH3T2sq6iJ2yDWpHbP0f6MQbS9Gkg=
golang.org/x/mod v0.7.0 h1:LapD9S96VoQRhi/GrNTqeBJFrUjs5UHCAtTlgwA5oZA=
golang.org/x/sys v0.3.0 h1:w8ZOecv6NaNa/zC8944JTU3vz4u6Lagfk4RPQxv92NQ=
golang.org/x/tools v0.4.0 h1:7mTAgkunk3fr4GAloyyCasadO6h9zSsQZbwvcaIciV4=
golang.org/x/tools v0.4.0/go.mod h1:UE5sM2OK9E/d67R0ANs2xJizIymRP5gJU295PvKXxjQ=
gopkg.in/yaml.v3 v3.0.1 h1:fxVm/GzAzEWqLHuvctI91KS9hhNmmWOoWu0XTYJS7CA=
