github.com/peske/lsp-srv v0.0.0-20221225110427-eec0939e3bba h1:oHHoGrFkNH4zitS9d0iN58bj5sYiDKD/zWE+xRjw+d4=
github.com/peske/lsp-srv v0.0.0-20221225110427-eec0939e3bba/go.mod h1:13LcnwoOkUeqDjKBIQ0mZz2kgD1XbSrM73tFaD4mECk=
github.com/peske/lsp-srv v0.0.0-20230119014638-c50c41eaf433 h1:yDeXpOaHw0QY+gpcPsqO2kN3b6cxrZT3KmEUslfw2rw=
github.com/peske/lsp-srv v0.0.0-20230119014638-c50c41eaf433/go.mod h1:j72Zc290M+LWJgHGAFjRmJzgAPGHJ1UXPj+W7vNU3dg=
github.com/peske/lsp-srv v0.0.0-20230421124448-f55813a313b6 h1:5vVOs5jDowccSFT21PNXcitj5bJ+kZaFn8ZztYIAa0w=
github.com/peske/lsp-srv v0.0.0-20230421124448-f55813a313b6/go.mod h1:zgI13DfAxMLLAL6kySmvkPI+z/cBmZp1AjJv97tRQMQ=
github.com/peske/lsp-srv-ex v0.0.0-20221226082110-02af022489a8 h1:OWXpmiYQdRfrVo3YY6ZhHEz63uFYTdeXYeDksdr2wCA=
github.com/peske/lsp-srv-ex v0.0.0-20221226082110-02af022489a8/go.mod h1:GtkZa+Ix5piCuQY3dns+Ol3foGM9TdBGwL7jJSfjmic=
github.com/peske/lsp-srv-ex v0.0.0-20230119014243-5c6da9334a55 h1:7jMwLYqQgFJAFyOD0B1rwrX5Z3Jri7gHgqSVNJaU4tw=
github.com/peske/lsp-srv-ex v0.0.0-20230119014243-5c6da9334a55/go.mod h1:PlmcNJk1dQLmKXGuN3FKlfMakA1JtwAz7RUVGvwGh7A=
github.com/peske/lsp-srv-ex v0.0.0-20230421131308-bb3c45d44518 h1:dKt20VswzwOnAYauoLj65jqQnkp6Tx6wFbwMLuNmY94=
github.com/peske/lsp-srv-ex v0.0.0-20230421131308-bb3c45d44518/go.mod h1:FEjo0xWnGeE78iQOLbADGGHoXaIyXqrVJn+/axAxLXs=
github.com/peske/lsp-srv-ex v0.0.0-20230421151107-200c5e5b7a69 h1:bEO/0zn9OE3YqfKC+iO0xw8E5Vrb4GPZyrbR7N3tCMQ=
github.com/peske/lsp-srv-ex v0.0.0-20230421151107-200c5e5b7a69/go.mod h1:FEjo0xWnGeE78iQOLbADGGHoXaIyXqrVJn+/axAxLXs=
github.com/peske/x-tools-internal v0.0.0-20221224074235-165c0e8343d6 h1:NFYI3s+xjBmTVAKq3lFOmKMiehrdaI5o8O0D8Eu/004=
github.com/peske/x-tools-internal v0.0.0-20221224074235-165c0e8343d6/go.mod h1:BeOPgTX9m/c9hZkRpyYTeX/0PDy3L51A0VTXRSWjvMQ=
github.com/peske/x-tools-internal v0.0.0-20230119000014-09d47ba9c763 h1:KDqfQruK2CtOCI0DqhWYUD7ADUbR+z/+CgvDM3dA3bs=
github.com/peske/x-tools-internal v0.0.0-20230119000014-09d47ba9c763/go.mod h1:BeOPgTX9m/c9hZkRpyYTeX/0PDy3L51A0VTXRSWjvMQ=
github.com/peske/x-tools-internal v0.0.0-20230421124625-d3edee47c0cb h1:SDTDkG/B1FYSPG0GcL3asY66jtsO+Q9rVyhfj6P7Z6Y=
github.com/peske/x-tools-internal v0.0.0-20230421124625-d3edee47c0cb/go.mod h1:BeOPgTX9m/c9hZkRpyYTeX/0PDy3L51A0VTXRSWjvMQ=
go.uber.org/atomic v1.10.0 h1:9qC72Qh0+3MqyJbAn8YU5xVq1frD8bn3JtD2oXtafVQ=
go.uber.org/atomic v1.10.0/go.mod h1:LUxbIzbOniOlMKjJjyPfpl4v+PKK2cNJn91OQbhoJI0=
go.uber.org/multierr v1.9.0 h1:7fIwc/ZtS0q++VgcfqFDxSBZVv/Xo49/SYnDFupUwlI=
go.uber.org/multierr v1.9.0/go.mod h1:X2jQV1h+kxSjClGpnseKVIxpmcjrj7MNnI0bnlfKTVQ=
go.uber.org/multierr v1.11.0 h1:blXXJkSxSSfBVBlC76pxqeO+LN3aDfLQo+309xJstO0=
go.uber.org/multierr v1.11.0/go.mod h1:20+QtiLqy0Nd6FdQB9TLXag12DsQkrbs3htMFfDN80Y=
go.uber.org/zap v1.24.0 h1:FiJd5l1UOLj0wCgbSE0rwwXHzEdAZS6hiiSnxJN/D60=
go.uber.org/zap v1.24.0/go.mod h1:2kMP+WWQ8aoFoedH3T2sq6iJ2yDWpHbP0f6MQbS9Gkg=
